{
  "name": "webpack-bbq",
  "version": "5.2.1",
  "lockfileVersion": 1,
  "requires": true,
  "dependencies": {
    "js-tokens": {
      "version": "2.0.0",
      "resolved": "http://r.npm.sankuai.com/js-tokens/download/js-tokens-2.0.0.tgz",
      "integrity": "sha1-eZA/VWPud4zBFi5tzxoAJ8l/nLU="
    },
    "minimist": {
      "version": "0.0.8",
      "resolved": "http://r.npm.sankuai.com/minimist/download/minimist-0.0.8.tgz",
      "integrity": "sha1-hX/Kv8M5fSYluCKCYuhqp6ARsF0="
    },
    "webpack-libify": {
      "version": "1.2.0",
      "resolved": "http://r.npm.sankuai.com/webpack-libify/download/webpack-libify-1.2.0.tgz",
      "integrity": "sha1-IpU2XO1uB0z8l0Cvr+WRNhY0jbk=",
      "requires": {
        "js-tokens": "2.0.0",
        "mkdirp": "0.5.1"
      },
      "dependencies": {
        "mkdirp": {
          "version": "0.5.1",
          "resolved": "http://r.npm.sankuai.com/mkdirp/download/mkdirp-0.5.1.tgz",
          "integrity": "sha1-MAV0OOrGz3+MR2fzhkjWaX11yQM=",
          "requires": {
            "minimist": "0.0.8"
          }
        }
      }
    }
  }
}
