{
  "name": "webpack-bbq",
  "version": "5.1.4",
  "lockfileVersion": 1,
  "requires": true,
  "dependencies": {
    "ansi-styles": {
      "version": "3.2.0",
      "resolved": "http://r.npm.sankuai.com/ansi-styles/download/ansi-styles-3.2.0.tgz",
      "integrity": "sha1-wVm41b4PnlpvNG2rlPFs4CIWG4g=",
      "requires": {
        "color-convert": "1.9.1"
      }
    },
    "big.js": {
      "version": "3.2.0",
      "resolved": "http://r.npm.sankuai.com/big.js/download/big.js-3.2.0.tgz",
      "integrity": "sha1-pfwpi4G54Nyi5FiCR4S2XFK6WI4="
    },
    "chalk": {
      "version": "2.3.0",
      "resolved": "http://r.npm.sankuai.com/chalk/download/chalk-2.3.0.tgz",
      "integrity": "sha1-tepI78nBeT3MybR2fJORTT8tUro=",
      "requires": {
        "ansi-styles": "3.2.0",
        "escape-string-regexp": "1.0.5",
        "supports-color": "4.5.0"
      }
    },
    "color-convert": {
      "version": "1.9.1",
      "resolved": "http://r.npm.sankuai.com/color-convert/download/color-convert-1.9.1.tgz",
      "integrity": "sha1-wSYRB66y8pTr/+ye2eytUppgl+0=",
      "requires": {
        "color-name": "1.1.3"
      }
    },
    "color-name": {
      "version": "1.1.3",
      "resolved": "http://r.npm.sankuai.com/color-name/download/color-name-1.1.3.tgz",
      "integrity": "sha1-p9BVi9icQveV3UIyj3QIMcpTvCU="
    },
    "core-util-is": {
      "version": "1.0.2",
      "resolved": "http://r.npm.sankuai.com/core-util-is/download/core-util-is-1.0.2.tgz",
      "integrity": "sha1-tf1UIgqivFq1eqtxQMlAdUUDwac="
    },
    "emojis-list": {
      "version": "2.1.0",
      "resolved": "http://r.npm.sankuai.com/emojis-list/download/emojis-list-2.1.0.tgz",
      "integrity": "sha1-TapNnbAPmBmIDHn6RXrlsJof04k="
    },
    "enhanced-resolve": {
      "version": "3.4.1",
      "resolved": "http://r.npm.sankuai.com/enhanced-resolve/download/enhanced-resolve-3.4.1.tgz",
      "integrity": "sha1-BCHjOf1xQZs9oT0Smzl5BAIwR24=",
      "requires": {
        "graceful-fs": "4.1.11",
        "memory-fs": "0.4.1",
        "object-assign": "4.1.1",
        "tapable": "0.2.8"
      }
    },
    "errno": {
      "version": "0.1.4",
      "resolved": "http://r.npm.sankuai.com/errno/download/errno-0.1.4.tgz",
      "integrity": "sha1-uJbiOp5ei6M4cfyZar02NfyaHH0=",
      "requires": {
        "prr": "0.0.0"
      }
    },
    "escape-string-regexp": {
      "version": "1.0.5",
      "resolved": "http://r.npm.sankuai.com/escape-string-regexp/download/escape-string-regexp-1.0.5.tgz",
      "integrity": "sha1-G2HAViGQqN/2rjuyzwIAyhMLhtQ="
    },
    "graceful-fs": {
      "version": "4.1.11",
      "resolved": "http://r.npm.sankuai.com/graceful-fs/download/graceful-fs-4.1.11.tgz",
      "integrity": "sha1-Dovf5NHduIVNZOBOp8AOKgJuVlg="
    },
    "has-flag": {
      "version": "2.0.0",
      "resolved": "http://r.npm.sankuai.com/has-flag/download/has-flag-2.0.0.tgz",
      "integrity": "sha1-6CB68cx7MNRGzHC3NLXovhj4jVE="
    },
    "inherits": {
      "version": "2.0.3",
      "resolved": "http://r.npm.sankuai.com/inherits/download/inherits-2.0.3.tgz",
      "integrity": "sha1-Yzwsg+PaQqUC9SRmAiSA9CCCYd4="
    },
    "isarray": {
      "version": "1.0.0",
      "resolved": "http://r.npm.sankuai.com/isarray/download/isarray-1.0.0.tgz",
      "integrity": "sha1-u5NdSFgsuhaMBoNJV6VKPgcSTxE="
    },
    "json5": {
      "version": "0.5.1",
      "resolved": "http://r.npm.sankuai.com/json5/download/json5-0.5.1.tgz",
      "integrity": "sha1-Hq3nrMASA0rYTiOWdn6tn6VJWCE="
    },
    "loader-utils": {
      "version": "1.1.0",
      "resolved": "http://r.npm.sankuai.com/loader-utils/download/loader-utils-1.1.0.tgz",
      "integrity": "sha1-yYrvSIvM7aL/teLeZG1qdUQp9c0=",
      "requires": {
        "big.js": "3.2.0",
        "emojis-list": "2.1.0",
        "json5": "0.5.1"
      }
    },
    "memory-fs": {
      "version": "0.4.1",
      "resolved": "http://r.npm.sankuai.com/memory-fs/download/memory-fs-0.4.1.tgz",
      "integrity": "sha1-OpoguEYlI+RHz7x+i7gO1me/xVI=",
      "requires": {
        "errno": "0.1.4",
        "readable-stream": "2.3.3"
      }
    },
    "object-assign": {
      "version": "4.1.1",
      "resolved": "http://r.npm.sankuai.com/object-assign/download/object-assign-4.1.1.tgz",
      "integrity": "sha1-IQmtx5ZYh8/AXLvUQsrIv7s2CGM="
    },
    "process-nextick-args": {
      "version": "1.0.7",
      "resolved": "http://r.npm.sankuai.com/process-nextick-args/download/process-nextick-args-1.0.7.tgz",
      "integrity": "sha1-FQ4gt1ZZCtP5EJPyWk8q2L/zC6M="
    },
    "prr": {
      "version": "0.0.0",
      "resolved": "http://r.npm.sankuai.com/prr/download/prr-0.0.0.tgz",
      "integrity": "sha1-GoS4WQgyVQFBGFPQCB7j+obikmo="
    },
    "readable-stream": {
      "version": "2.3.3",
      "resolved": "http://r.npm.sankuai.com/readable-stream/download/readable-stream-2.3.3.tgz",
      "integrity": "sha1-No8lEtefnUb9/HE0mueHi7weuVw=",
      "requires": {
        "core-util-is": "1.0.2",
        "inherits": "2.0.3",
        "isarray": "1.0.0",
        "process-nextick-args": "1.0.7",
        "safe-buffer": "5.1.1",
        "string_decoder": "1.0.3",
        "util-deprecate": "1.0.2"
      }
    },
    "safe-buffer": {
      "version": "5.1.1",
      "resolved": "http://r.npm.sankuai.com/safe-buffer/download/safe-buffer-5.1.1.tgz",
      "integrity": "sha1-iTMSr2myEj3vcfV4iQAWce6yyFM="
    },
    "semver": {
      "version": "5.4.1",
      "resolved": "http://r.npm.sankuai.com/semver/download/semver-5.4.1.tgz",
      "integrity": "sha1-4FnAnYVx8FQII3M0M1BdOi8AsY4="
    },
    "string_decoder": {
      "version": "1.0.3",
      "resolved": "http://r.npm.sankuai.com/string_decoder/download/string_decoder-1.0.3.tgz",
      "integrity": "sha1-D8Z9fBQYJd6UKC3VNr7GubzoYKs=",
      "requires": {
        "safe-buffer": "5.1.1"
      }
    },
    "supports-color": {
      "version": "4.5.0",
      "resolved": "http://r.npm.sankuai.com/supports-color/download/supports-color-4.5.0.tgz",
      "integrity": "sha1-vnoN5ITexcXN34s9WRJQRJEvY1s=",
      "requires": {
        "has-flag": "2.0.0"
      }
    },
    "tapable": {
      "version": "0.2.8",
      "resolved": "http://r.npm.sankuai.com/tapable/download/tapable-0.2.8.tgz",
      "integrity": "sha1-mTcqXJmb8t8WCvwNdL7U9HlIzSI="
    },
    "ts-loader": {
      "version": "3.1.1",
      "resolved": "http://r.npm.sankuai.com/ts-loader/download/ts-loader-3.1.1.tgz",
      "integrity": "sha1-YC2TwSAp6vj6HuR4qQeF1AxfZlg=",
      "requires": {
        "chalk": "2.3.0",
        "enhanced-resolve": "3.4.1",
        "loader-utils": "1.1.0",
        "semver": "5.4.1"
      }
    },
    "typescript": {
      "version": "2.6.2",
      "resolved": "http://r.npm.sankuai.com/typescript/download/typescript-2.6.2.tgz",
      "integrity": "sha1-PFtv1/beCRQmkCfwPAlGdY92c6Q="
    },
    "util-deprecate": {
      "version": "1.0.2",
      "resolved": "http://r.npm.sankuai.com/util-deprecate/download/util-deprecate-1.0.2.tgz",
      "integrity": "sha1-RQ1Nyfpw3nMnYvvS1KKJgUGaDM8="
    }
  }
}
